
Microsoft Visual Studio Solution File, Format Version 12.00
# Visual Studio Version 17
VisualStudioVersion = 17.5.33530.505
MinimumVisualStudioVersion = 10.0.40219.1
Project("{9A19103F-16F7-4668-BE54-9A1E7A4F7556}") = "API", "API\API.csproj", "{A134865B-0292-40A4-9601-EDAC9FF7F607}"
EndProject
Global
	GlobalSection(SolutionConfigurationPlatforms) = preSolution
		Debug|Any CPU = Debug|Any CPU
		Release|Any CPU = Release|Any CPU
	EndGlobalSection
	GlobalSection(ProjectConfigurationPlatforms) = postSolution
		{A134865B-0292-40A4-9601-EDAC9FF7F607}.Debug|Any CPU.ActiveCfg = Debug|Any CPU
		{A134865B-0292-40A4-9601-EDAC9FF7F607}.Debug|Any CPU.Build.0 = Debug|Any CPU
		{A134865B-0292-40A4-9601-EDAC9FF7F607}.Release|Any CPU.ActiveCfg = Release|Any CPU
		{A134865B-0292-40A4-9601-EDAC9FF7F607}.Release|Any CPU.Build.0 = Release|Any CPU
	EndGlobalSection
	GlobalSection(SolutionProperties) = preSolution
		HideSolutionNode = FALSE
	EndGlobalSection
	GlobalSection(ExtensibilityGlobals) = postSolution
		SolutionGuid = {5D25771A-4604-4845-8AB4-061A87DD86F0}
	EndGlobalSection
EndGlobal
